
Microsoft Visual Studio Solution File, Format Version 12.00
# Visual Studio 2012
Project("{FAE04EC0-301F-11D3-BF4B-00C04F79EFBC}") = "ShipmentGeek", "ShipmentGeek\ShipmentGeek.csproj", "{8E8C1AB5-F903-479E-BDEF-1E569516B710}"
EndProject
Project("{2150E333-8FDC-42A3-9474-1A3956D46DE8}") = ".nuget", ".nuget", "{35474A7E-A9A3-4B5F-B14A-1DE1993601A2}"
	ProjectSection(SolutionItems) = preProject
		.nuget\NuGet.Config = .nuget\NuGet.Config
		.nuget\NuGet.exe = .nuget\NuGet.exe
		.nuget\NuGet.targets = .nuget\NuGet.targets
	EndProjectSection
EndProject
Global
	GlobalSection(SolutionConfigurationPlatforms) = preSolution
		Debug|Any CPU = Debug|Any CPU
		Release|Any CPU = Release|Any CPU
	EndGlobalSection
	GlobalSection(ProjectConfigurationPlatforms) = postSolution
		{8E8C1AB5-F903-479E-BDEF-1E569516B710}.Debug|Any CPU.ActiveCfg = Debug|Any CPU
		{8E8C1AB5-F903-479E-BDEF-1E569516B710}.Debug|Any CPU.Build.0 = Debug|Any CPU
		{8E8C1AB5-F903-479E-BDEF-1E569516B710}.Release|Any CPU.ActiveCfg = Release|Any CPU
		{8E8C1AB5-F903-479E-BDEF-1E569516B710}.Release|Any CPU.Build.0 = Release|Any CPU
	EndGlobalSection
	GlobalSection(SolutionProperties) = preSolution
		HideSolutionNode = FALSE
	EndGlobalSection
EndGlobal
